
Microsoft Visual Studio Solution File, Format Version 12.00
# Visual Studio 2013
VisualStudioVersion = 12.0.40629.0
MinimumVisualStudioVersion = 10.0.40219.1
Project("{FAE04EC0-301F-11D3-BF4B-00C04F79EFBC}") = "GeoLib.Core", "GeoLib.Core\GeoLib.Core.csproj", "{461922D9-747F-4BB0-AC2E-4737139EEDB6}"
EndProject
Project("{FAE04EC0-301F-11D3-BF4B-00C04F79EFBC}") = "GeoLib.Data", "GeoLib.Data\GeoLib.Data.csproj", "{DB2CA02F-5D34-4734-8A44-634BFD381244}"
EndProject
Project("{2150E333-8FDC-42A3-9474-1A3956D46DE8}") = ".nuget", ".nuget", "{EA50BAA3-5823-4B70-82B1-683E30030C93}"
	ProjectSection(SolutionItems) = preProject
		.nuget\NuGet.Config = .nuget\NuGet.Config
		.nuget\NuGet.exe = .nuget\NuGet.exe
		.nuget\NuGet.targets = .nuget\NuGet.targets
	EndProjectSection
EndProject
Project("{FAE04EC0-301F-11D3-BF4B-00C04F79EFBC}") = "GeoLib.Contracts", "GeoLib.Contracts\GeoLib.Contracts.csproj", "{11614428-D01D-476D-8F0B-3EA074A7CFBA}"
EndProject
Project("{FAE04EC0-301F-11D3-BF4B-00C04F79EFBC}") = "GeoLib.Services", "GeoLib.Services\GeoLib.Services.csproj", "{26467927-7EB5-4BD6-A94F-EF1C2B5A72E1}"
EndProject
Project("{FAE04EC0-301F-11D3-BF4B-00C04F79EFBC}") = "GeoLib.Tests", "GeoLib.Tests\GeoLib.Tests.csproj", "{6052C4E7-213A-47A0-B898-253880F20B29}"
EndProject
Global
	GlobalSection(SolutionConfigurationPlatforms) = preSolution
		Debug|Any CPU = Debug|Any CPU
		Debug|ARM = Debug|ARM
		Debug|x64 = Debug|x64
		Debug|x86 = Debug|x86
		Release|Any CPU = Release|Any CPU
		Release|ARM = Release|ARM
		Release|x64 = Release|x64
		Release|x86 = Release|x86
	EndGlobalSection
	GlobalSection(ProjectConfigurationPlatforms) = postSolution
		{461922D9-747F-4BB0-AC2E-4737139EEDB6}.Debug|Any CPU.ActiveCfg = Debug|Any CPU
		{461922D9-747F-4BB0-AC2E-4737139EEDB6}.Debug|Any CPU.Build.0 = Debug|Any CPU
		{461922D9-747F-4BB0-AC2E-4737139EEDB6}.Debug|ARM.ActiveCfg = Debug|Any CPU
		{461922D9-747F-4BB0-AC2E-4737139EEDB6}.Debug|x64.ActiveCfg = Debug|Any CPU
		{461922D9-747F-4BB0-AC2E-4737139EEDB6}.Debug|x86.ActiveCfg = Debug|Any CPU
		{461922D9-747F-4BB0-AC2E-4737139EEDB6}.Release|Any CPU.ActiveCfg = Release|Any CPU
		{461922D9-747F-4BB0-AC2E-4737139EEDB6}.Release|Any CPU.Build.0 = Release|Any CPU
		{461922D9-747F-4BB0-AC2E-4737139EEDB6}.Release|ARM.ActiveCfg = Release|Any CPU
		{461922D9-747F-4BB0-AC2E-4737139EEDB6}.Release|x64.ActiveCfg = Release|Any CPU
		{461922D9-747F-4BB0-AC2E-4737139EEDB6}.Release|x86.ActiveCfg = Release|Any CPU
		{DB2CA02F-5D34-4734-8A44-634BFD381244}.Debug|Any CPU.ActiveCfg = Debug|Any CPU
		{DB2CA02F-5D34-4734-8A44-634BFD381244}.Debug|Any CPU.Build.0 = Debug|Any CPU
		{DB2CA02F-5D34-4734-8A44-634BFD381244}.Debug|ARM.ActiveCfg = Debug|Any CPU
		{DB2CA02F-5D34-4734-8A44-634BFD381244}.Debug|x64.ActiveCfg = Debug|Any CPU
		{DB2CA02F-5D34-4734-8A44-634BFD381244}.Debug|x86.ActiveCfg = Debug|Any CPU
		{DB2CA02F-5D34-4734-8A44-634BFD381244}.Release|Any CPU.ActiveCfg = Release|Any CPU
		{DB2CA02F-5D34-4734-8A44-634BFD381244}.Release|Any CPU.Build.0 = Release|Any CPU
		{DB2CA02F-5D34-4734-8A44-634BFD381244}.Release|ARM.ActiveCfg = Release|Any CPU
		{DB2CA02F-5D34-4734-8A44-634BFD381244}.Release|x64.ActiveCfg = Release|Any CPU
		{DB2CA02F-5D34-4734-8A44-634BFD381244}.Release|x86.ActiveCfg = Release|Any CPU
		{11614428-D01D-476D-8F0B-3EA074A7CFBA}.Debug|Any CPU.ActiveCfg = Debug|Any CPU
		{11614428-D01D-476D-8F0B-3EA074A7CFBA}.Debug|Any CPU.Build.0 = Debug|Any CPU
		{11614428-D01D-476D-8F0B-3EA074A7CFBA}.Debug|ARM.ActiveCfg = Debug|Any CPU
		{11614428-D01D-476D-8F0B-3EA074A7CFBA}.Debug|x64.ActiveCfg = Debug|Any CPU
		{11614428-D01D-476D-8F0B-3EA074A7CFBA}.Debug|x86.ActiveCfg = Debug|Any CPU
		{11614428-D01D-476D-8F0B-3EA074A7CFBA}.Release|Any CPU.ActiveCfg = Release|Any CPU
		{11614428-D01D-476D-8F0B-3EA074A7CFBA}.Release|Any CPU.Build.0 = Release|Any CPU
		{11614428-D01D-476D-8F0B-3EA074A7CFBA}.Release|ARM.ActiveCfg = Release|Any CPU
		{11614428-D01D-476D-8F0B-3EA074A7CFBA}.Release|x64.ActiveCfg = Release|Any CPU
		{11614428-D01D-476D-8F0B-3EA074A7CFBA}.Release|x86.ActiveCfg = Release|Any CPU
		{26467927-7EB5-4BD6-A94F-EF1C2B5A72E1}.Debug|Any CPU.ActiveCfg = Debug|Any CPU
		{26467927-7EB5-4BD6-A94F-EF1C2B5A72E1}.Debug|Any CPU.Build.0 = Debug|Any CPU
		{26467927-7EB5-4BD6-A94F-EF1C2B5A72E1}.Debug|ARM.ActiveCfg = Debug|Any CPU
		{26467927-7EB5-4BD6-A94F-EF1C2B5A72E1}.Debug|x64.ActiveCfg = Debug|Any CPU
		{26467927-7EB5-4BD6-A94F-EF1C2B5A72E1}.Debug|x86.ActiveCfg = Debug|Any CPU
		{26467927-7EB5-4BD6-A94F-EF1C2B5A72E1}.Release|Any CPU.ActiveCfg = Release|Any CPU
		{26467927-7EB5-4BD6-A94F-EF1C2B5A72E1}.Release|Any CPU.Build.0 = Release|Any CPU
		{26467927-7EB5-4BD6-A94F-EF1C2B5A72E1}.Release|ARM.ActiveCfg = Release|Any CPU
		{26467927-7EB5-4BD6-A94F-EF1C2B5A72E1}.Release|x64.ActiveCfg = Release|Any CPU
		{26467927-7EB5-4BD6-A94F-EF1C2B5A72E1}.Release|x86.ActiveCfg = Release|Any CPU
		{6052C4E7-213A-47A0-B898-253880F20B29}.Debug|Any CPU.ActiveCfg = Debug|Any CPU
		{6052C4E7-213A-47A0-B898-253880F20B29}.Debug|Any CPU.Build.0 = Debug|Any CPU
		{6052C4E7-213A-47A0-B898-253880F20B29}.Debug|ARM.ActiveCfg = Debug|Any CPU
		{6052C4E7-213A-47A0-B898-253880F20B29}.Debug|x64.ActiveCfg = Debug|Any CPU
		{6052C4E7-213A-47A0-B898-253880F20B29}.Debug|x86.ActiveCfg = Debug|Any CPU
		{6052C4E7-213A-47A0-B898-253880F20B29}.Release|Any CPU.ActiveCfg = Release|Any CPU
		{6052C4E7-213A-47A0-B898-253880F20B29}.Release|Any CPU.Build.0 = Release|Any CPU
		{6052C4E7-213A-47A0-B898-253880F20B29}.Release|ARM.ActiveCfg = Release|Any CPU
		{6052C4E7-213A-47A0-B898-253880F20B29}.Release|x64.ActiveCfg = Release|Any CPU
		{6052C4E7-213A-47A0-B898-253880F20B29}.Release|x86.ActiveCfg = Release|Any CPU
	EndGlobalSection
	GlobalSection(SolutionProperties) = preSolution
		HideSolutionNode = FALSE
	EndGlobalSection
EndGlobal
