
Microsoft Visual Studio Solution File, Format Version 12.00
# Visual Studio 2013
VisualStudioVersion = 12.0.40629.0
MinimumVisualStudioVersion = 10.0.40219.1
Project("{FAE04EC0-301F-11D3-BF4B-00C04F79EFBC}") = "GeoLib.Core", "GeoLib.Core\GeoLib.Core.csproj", "{461922D9-747F-4BB0-AC2E-4737139EEDB6}"
EndProject
Project("{FAE04EC0-301F-11D3-BF4B-00C04F79EFBC}") = "GeoLib.Data", "GeoLib.Data\GeoLib.Data.csproj", "{DB2CA02F-5D34-4734-8A44-634BFD381244}"
EndProject
Project("{2150E333-8FDC-42A3-9474-1A3956D46DE8}") = ".nuget", ".nuget", "{EA50BAA3-5823-4B70-82B1-683E30030C93}"
	ProjectSection(SolutionItems) = preProject
		.nuget\NuGet.Config = .nuget\NuGet.Config
		.nuget\NuGet.exe = .nuget\NuGet.exe
		.nuget\NuGet.targets = .nuget\NuGet.targets
	EndProjectSection
EndProject
Project("{FAE04EC0-301F-11D3-BF4B-00C04F79EFBC}") = "GeoLib.Contracts", "GeoLib.Contracts\GeoLib.Contracts.csproj", "{11614428-D01D-476D-8F0B-3EA074A7CFBA}"
EndProject
Project("{FAE04EC0-301F-11D3-BF4B-00C04F79EFBC}") = "GeoLib.Services", "GeoLib.Services\GeoLib.Services.csproj", "{26467927-7EB5-4BD6-A94F-EF1C2B5A72E1}"
EndProject
Project("{FAE04EC0-301F-11D3-BF4B-00C04F79EFBC}") = "GeoLib.Tests", "GeoLib.Tests\GeoLib.Tests.csproj", "{6052C4E7-213A-47A0-B898-253880F20B29}"
EndProject
Project("{2150E333-8FDC-42A3-9474-1A3956D46DE8}") = "Hosting", "Hosting", "{6EE4C524-F88E-42B9-881E-D035D947CB3C}"
EndProject
Project("{FAE04EC0-301F-11D3-BF4B-00C04F79EFBC}") = "GeoLib.ConsoleHost", "GeoLib.ConsoleHost\GeoLib.ConsoleHost.csproj", "{25E38FCA-373E-48E7-97F2-1DAA092BFE84}"
EndProject
Project("{FAE04EC0-301F-11D3-BF4B-00C04F79EFBC}") = "GeoLib.WebHost", "GeoLib.WebHost\GeoLib.WebHost.csproj", "{07641D90-14D8-4A81-B710-1C906F6C7EDC}"
EndProject
Project("{FAE04EC0-301F-11D3-BF4B-00C04F79EFBC}") = "GeoLib.WindowsHost", "GeoLib.WindowsHost\GeoLib.WindowsHost.csproj", "{5AE84218-70C3-45D9-A2AC-8098FED8A315}"
EndProject
Project("{FAE04EC0-301F-11D3-BF4B-00C04F79EFBC}") = "GeoLib.Proxies", "GeoLib.Proxies\GeoLib.Proxies.csproj", "{D50D585B-F81A-4BC0-AC52-881A08FDEEFF}"
EndProject
Project("{FAE04EC0-301F-11D3-BF4B-00C04F79EFBC}") = "GeoLib.Client", "GeoLib.Client\GeoLib.Client.csproj", "{23F6232E-CEBE-446B-A882-C83316726576}"
EndProject
Global
	GlobalSection(SolutionConfigurationPlatforms) = preSolution
		Debug|Any CPU = Debug|Any CPU
		Debug|ARM = Debug|ARM
		Debug|x64 = Debug|x64
		Debug|x86 = Debug|x86
		Release|Any CPU = Release|Any CPU
		Release|ARM = Release|ARM
		Release|x64 = Release|x64
		Release|x86 = Release|x86
	EndGlobalSection
	GlobalSection(ProjectConfigurationPlatforms) = postSolution
		{461922D9-747F-4BB0-AC2E-4737139EEDB6}.Debug|Any CPU.ActiveCfg = Debug|Any CPU
		{461922D9-747F-4BB0-AC2E-4737139EEDB6}.Debug|Any CPU.Build.0 = Debug|Any CPU
		{461922D9-747F-4BB0-AC2E-4737139EEDB6}.Debug|ARM.ActiveCfg = Debug|Any CPU
		{461922D9-747F-4BB0-AC2E-4737139EEDB6}.Debug|x64.ActiveCfg = Debug|Any CPU
		{461922D9-747F-4BB0-AC2E-4737139EEDB6}.Debug|x86.ActiveCfg = Debug|Any CPU
		{461922D9-747F-4BB0-AC2E-4737139EEDB6}.Release|Any CPU.ActiveCfg = Release|Any CPU
		{461922D9-747F-4BB0-AC2E-4737139EEDB6}.Release|Any CPU.Build.0 = Release|Any CPU
		{461922D9-747F-4BB0-AC2E-4737139EEDB6}.Release|ARM.ActiveCfg = Release|Any CPU
		{461922D9-747F-4BB0-AC2E-4737139EEDB6}.Release|x64.ActiveCfg = Release|Any CPU
		{461922D9-747F-4BB0-AC2E-4737139EEDB6}.Release|x86.ActiveCfg = Release|Any CPU
		{DB2CA02F-5D34-4734-8A44-634BFD381244}.Debug|Any CPU.ActiveCfg = Debug|Any CPU
		{DB2CA02F-5D34-4734-8A44-634BFD381244}.Debug|Any CPU.Build.0 = Debug|Any CPU
		{DB2CA02F-5D34-4734-8A44-634BFD381244}.Debug|ARM.ActiveCfg = Debug|Any CPU
		{DB2CA02F-5D34-4734-8A44-634BFD381244}.Debug|x64.ActiveCfg = Debug|Any CPU
		{DB2CA02F-5D34-4734-8A44-634BFD381244}.Debug|x86.ActiveCfg = Debug|Any CPU
		{DB2CA02F-5D34-4734-8A44-634BFD381244}.Release|Any CPU.ActiveCfg = Release|Any CPU
		{DB2CA02F-5D34-4734-8A44-634BFD381244}.Release|Any CPU.Build.0 = Release|Any CPU
		{DB2CA02F-5D34-4734-8A44-634BFD381244}.Release|ARM.ActiveCfg = Release|Any CPU
		{DB2CA02F-5D34-4734-8A44-634BFD381244}.Release|x64.ActiveCfg = Release|Any CPU
		{DB2CA02F-5D34-4734-8A44-634BFD381244}.Release|x86.ActiveCfg = Release|Any CPU
		{11614428-D01D-476D-8F0B-3EA074A7CFBA}.Debug|Any CPU.ActiveCfg = Debug|Any CPU
		{11614428-D01D-476D-8F0B-3EA074A7CFBA}.Debug|Any CPU.Build.0 = Debug|Any CPU
		{11614428-D01D-476D-8F0B-3EA074A7CFBA}.Debug|ARM.ActiveCfg = Debug|Any CPU
		{11614428-D01D-476D-8F0B-3EA074A7CFBA}.Debug|x64.ActiveCfg = Debug|Any CPU
		{11614428-D01D-476D-8F0B-3EA074A7CFBA}.Debug|x86.ActiveCfg = Debug|Any CPU
		{11614428-D01D-476D-8F0B-3EA074A7CFBA}.Release|Any CPU.ActiveCfg = Release|Any CPU
		{11614428-D01D-476D-8F0B-3EA074A7CFBA}.Release|Any CPU.Build.0 = Release|Any CPU
		{11614428-D01D-476D-8F0B-3EA074A7CFBA}.Release|ARM.ActiveCfg = Release|Any CPU
		{11614428-D01D-476D-8F0B-3EA074A7CFBA}.Release|x64.ActiveCfg = Release|Any CPU
		{11614428-D01D-476D-8F0B-3EA074A7CFBA}.Release|x86.ActiveCfg = Release|Any CPU
		{26467927-7EB5-4BD6-A94F-EF1C2B5A72E1}.Debug|Any CPU.ActiveCfg = Debug|Any CPU
		{26467927-7EB5-4BD6-A94F-EF1C2B5A72E1}.Debug|Any CPU.Build.0 = Debug|Any CPU
		{26467927-7EB5-4BD6-A94F-EF1C2B5A72E1}.Debug|ARM.ActiveCfg = Debug|Any CPU
		{26467927-7EB5-4BD6-A94F-EF1C2B5A72E1}.Debug|x64.ActiveCfg = Debug|Any CPU
		{26467927-7EB5-4BD6-A94F-EF1C2B5A72E1}.Debug|x86.ActiveCfg = Debug|Any CPU
		{26467927-7EB5-4BD6-A94F-EF1C2B5A72E1}.Release|Any CPU.ActiveCfg = Release|Any CPU
		{26467927-7EB5-4BD6-A94F-EF1C2B5A72E1}.Release|Any CPU.Build.0 = Release|Any CPU
		{26467927-7EB5-4BD6-A94F-EF1C2B5A72E1}.Release|ARM.ActiveCfg = Release|Any CPU
		{26467927-7EB5-4BD6-A94F-EF1C2B5A72E1}.Release|x64.ActiveCfg = Release|Any CPU
		{26467927-7EB5-4BD6-A94F-EF1C2B5A72E1}.Release|x86.ActiveCfg = Release|Any CPU
		{6052C4E7-213A-47A0-B898-253880F20B29}.Debug|Any CPU.ActiveCfg = Debug|Any CPU
		{6052C4E7-213A-47A0-B898-253880F20B29}.Debug|Any CPU.Build.0 = Debug|Any CPU
		{6052C4E7-213A-47A0-B898-253880F20B29}.Debug|ARM.ActiveCfg = Debug|Any CPU
		{6052C4E7-213A-47A0-B898-253880F20B29}.Debug|x64.ActiveCfg = Debug|Any CPU
		{6052C4E7-213A-47A0-B898-253880F20B29}.Debug|x86.ActiveCfg = Debug|Any CPU
		{6052C4E7-213A-47A0-B898-253880F20B29}.Release|Any CPU.ActiveCfg = Release|Any CPU
		{6052C4E7-213A-47A0-B898-253880F20B29}.Release|Any CPU.Build.0 = Release|Any CPU
		{6052C4E7-213A-47A0-B898-253880F20B29}.Release|ARM.ActiveCfg = Release|Any CPU
		{6052C4E7-213A-47A0-B898-253880F20B29}.Release|x64.ActiveCfg = Release|Any CPU
		{6052C4E7-213A-47A0-B898-253880F20B29}.Release|x86.ActiveCfg = Release|Any CPU
		{25E38FCA-373E-48E7-97F2-1DAA092BFE84}.Debug|Any CPU.ActiveCfg = Debug|Any CPU
		{25E38FCA-373E-48E7-97F2-1DAA092BFE84}.Debug|Any CPU.Build.0 = Debug|Any CPU
		{25E38FCA-373E-48E7-97F2-1DAA092BFE84}.Debug|ARM.ActiveCfg = Debug|Any CPU
		{25E38FCA-373E-48E7-97F2-1DAA092BFE84}.Debug|x64.ActiveCfg = Debug|Any CPU
		{25E38FCA-373E-48E7-97F2-1DAA092BFE84}.Debug|x86.ActiveCfg = Debug|Any CPU
		{25E38FCA-373E-48E7-97F2-1DAA092BFE84}.Release|Any CPU.ActiveCfg = Release|Any CPU
		{25E38FCA-373E-48E7-97F2-1DAA092BFE84}.Release|Any CPU.Build.0 = Release|Any CPU
		{25E38FCA-373E-48E7-97F2-1DAA092BFE84}.Release|ARM.ActiveCfg = Release|Any CPU
		{25E38FCA-373E-48E7-97F2-1DAA092BFE84}.Release|x64.ActiveCfg = Release|Any CPU
		{25E38FCA-373E-48E7-97F2-1DAA092BFE84}.Release|x86.ActiveCfg = Release|Any CPU
		{07641D90-14D8-4A81-B710-1C906F6C7EDC}.Debug|Any CPU.ActiveCfg = Debug|Any CPU
		{07641D90-14D8-4A81-B710-1C906F6C7EDC}.Debug|Any CPU.Build.0 = Debug|Any CPU
		{07641D90-14D8-4A81-B710-1C906F6C7EDC}.Debug|ARM.ActiveCfg = Debug|Any CPU
		{07641D90-14D8-4A81-B710-1C906F6C7EDC}.Debug|x64.ActiveCfg = Debug|Any CPU
		{07641D90-14D8-4A81-B710-1C906F6C7EDC}.Debug|x86.ActiveCfg = Debug|Any CPU
		{07641D90-14D8-4A81-B710-1C906F6C7EDC}.Release|Any CPU.ActiveCfg = Release|Any CPU
		{07641D90-14D8-4A81-B710-1C906F6C7EDC}.Release|Any CPU.Build.0 = Release|Any CPU
		{07641D90-14D8-4A81-B710-1C906F6C7EDC}.Release|ARM.ActiveCfg = Release|Any CPU
		{07641D90-14D8-4A81-B710-1C906F6C7EDC}.Release|x64.ActiveCfg = Release|Any CPU
		{07641D90-14D8-4A81-B710-1C906F6C7EDC}.Release|x86.ActiveCfg = Release|Any CPU
		{5AE84218-70C3-45D9-A2AC-8098FED8A315}.Debug|Any CPU.ActiveCfg = Debug|Any CPU
		{5AE84218-70C3-45D9-A2AC-8098FED8A315}.Debug|Any CPU.Build.0 = Debug|Any CPU
		{5AE84218-70C3-45D9-A2AC-8098FED8A315}.Debug|ARM.ActiveCfg = Debug|Any CPU
		{5AE84218-70C3-45D9-A2AC-8098FED8A315}.Debug|x64.ActiveCfg = Debug|Any CPU
		{5AE84218-70C3-45D9-A2AC-8098FED8A315}.Debug|x86.ActiveCfg = Debug|Any CPU
		{5AE84218-70C3-45D9-A2AC-8098FED8A315}.Release|Any CPU.ActiveCfg = Release|Any CPU
		{5AE84218-70C3-45D9-A2AC-8098FED8A315}.Release|Any CPU.Build.0 = Release|Any CPU
		{5AE84218-70C3-45D9-A2AC-8098FED8A315}.Release|ARM.ActiveCfg = Release|Any CPU
		{5AE84218-70C3-45D9-A2AC-8098FED8A315}.Release|x64.ActiveCfg = Release|Any CPU
		{5AE84218-70C3-45D9-A2AC-8098FED8A315}.Release|x86.ActiveCfg = Release|Any CPU
		{D50D585B-F81A-4BC0-AC52-881A08FDEEFF}.Debug|Any CPU.ActiveCfg = Debug|Any CPU
		{D50D585B-F81A-4BC0-AC52-881A08FDEEFF}.Debug|Any CPU.Build.0 = Debug|Any CPU
		{D50D585B-F81A-4BC0-AC52-881A08FDEEFF}.Debug|ARM.ActiveCfg = Debug|Any CPU
		{D50D585B-F81A-4BC0-AC52-881A08FDEEFF}.Debug|x64.ActiveCfg = Debug|Any CPU
		{D50D585B-F81A-4BC0-AC52-881A08FDEEFF}.Debug|x86.ActiveCfg = Debug|Any CPU
		{D50D585B-F81A-4BC0-AC52-881A08FDEEFF}.Release|Any CPU.ActiveCfg = Release|Any CPU
		{D50D585B-F81A-4BC0-AC52-881A08FDEEFF}.Release|Any CPU.Build.0 = Release|Any CPU
		{D50D585B-F81A-4BC0-AC52-881A08FDEEFF}.Release|ARM.ActiveCfg = Release|Any CPU
		{D50D585B-F81A-4BC0-AC52-881A08FDEEFF}.Release|x64.ActiveCfg = Release|Any CPU
		{D50D585B-F81A-4BC0-AC52-881A08FDEEFF}.Release|x86.ActiveCfg = Release|Any CPU
		{23F6232E-CEBE-446B-A882-C83316726576}.Debug|Any CPU.ActiveCfg = Debug|Any CPU
		{23F6232E-CEBE-446B-A882-C83316726576}.Debug|Any CPU.Build.0 = Debug|Any CPU
		{23F6232E-CEBE-446B-A882-C83316726576}.Debug|ARM.ActiveCfg = Debug|Any CPU
		{23F6232E-CEBE-446B-A882-C83316726576}.Debug|x64.ActiveCfg = Debug|Any CPU
		{23F6232E-CEBE-446B-A882-C83316726576}.Debug|x86.ActiveCfg = Debug|Any CPU
		{23F6232E-CEBE-446B-A882-C83316726576}.Release|Any CPU.ActiveCfg = Release|Any CPU
		{23F6232E-CEBE-446B-A882-C83316726576}.Release|Any CPU.Build.0 = Release|Any CPU
		{23F6232E-CEBE-446B-A882-C83316726576}.Release|ARM.ActiveCfg = Release|Any CPU
		{23F6232E-CEBE-446B-A882-C83316726576}.Release|x64.ActiveCfg = Release|Any CPU
		{23F6232E-CEBE-446B-A882-C83316726576}.Release|x86.ActiveCfg = Release|Any CPU
	EndGlobalSection
	GlobalSection(SolutionProperties) = preSolution
		HideSolutionNode = FALSE
	EndGlobalSection
	GlobalSection(NestedProjects) = preSolution
		{25E38FCA-373E-48E7-97F2-1DAA092BFE84} = {6EE4C524-F88E-42B9-881E-D035D947CB3C}
		{07641D90-14D8-4A81-B710-1C906F6C7EDC} = {6EE4C524-F88E-42B9-881E-D035D947CB3C}
		{5AE84218-70C3-45D9-A2AC-8098FED8A315} = {6EE4C524-F88E-42B9-881E-D035D947CB3C}
	EndGlobalSection
EndGlobal
